PODS:
  - Flutter (1.0.0)
  - scanBle (0.0.1):
    - Flutter

DEPENDENCIES:
  - Flutter (from `Flutter`)
  - scanBle (from `.symlinks/plugins/scanBle/ios`)

EXTERNAL SOURCES:
  Flutter:
    :path: Flutter
  scanBle:
    :path: ".symlinks/plugins/scanBle/ios"

SPEC CHECKSUMS:
  Flutter: 0e3d915762c693b495b44d77113d4970485de6ec
  scanBle: 46065827fae81990264611d9f51b7a64ff25bdee

PODFILE CHECKSUM: c34e2287a9ccaa606aeceab922830efb9a6ff69a

COCOAPODS: 1.9.1
